
Microsoft Visual Studio Solution File, Format Version 12.00
# Visual Studio Version 16
VisualStudioVersion = 16.0.30621.155
MinimumVisualStudioVersion = 10.0.40219.1
Project("{FAE04EC0-301F-11D3-BF4B-00C04F79EFBC}") = "SeleniumTests", "SeleniumTests\SeleniumTests.csproj", "{0818AD97-BF0B-4BF2-8EEF-3692503DA406}"
EndProject
Global
	GlobalSection(SolutionConfigurationPlatforms) = preSolution
		Debug|Any CPU = Debug|Any CPU
		Release|Any CPU = Release|Any CPU
	EndGlobalSection
	GlobalSection(ProjectConfigurationPlatforms) = postSolution
		{0818AD97-BF0B-4BF2-8EEF-3692503DA406}.Debug|Any CPU.ActiveCfg = Debug|Any CPU
		{0818AD97-BF0B-4BF2-8EEF-3692503DA406}.Debug|Any CPU.Build.0 = Debug|Any CPU
		{0818AD97-BF0B-4BF2-8EEF-3692503DA406}.Release|Any CPU.ActiveCfg = Release|Any CPU
		{0818AD97-BF0B-4BF2-8EEF-3692503DA406}.Release|Any CPU.Build.0 = Release|Any CPU
	EndGlobalSection
	GlobalSection(SolutionProperties) = preSolution
		HideSolutionNode = FALSE
	EndGlobalSection
	GlobalSection(ExtensibilityGlobals) = postSolution
		SolutionGuid = {0B77C500-AA2A-4895-9139-CB01471506EB}
	EndGlobalSection
EndGlobal
